
Microsoft Visual Studio Solution File, Format Version 12.00
# Visual Studio Version 17
VisualStudioVersion = 17.6.33829.357
MinimumVisualStudioVersion = 10.0.40219.1
Project("{FAE04EC0-301F-11D3-BF4B-00C04F79EFBC}") = "ders2textbox", "ders2textbox\ders2textbox.csproj", "{838216F0-18D6-4057-BF9A-D12CF8CAAEFF}"
EndProject
Global
	GlobalSection(SolutionConfigurationPlatforms) = preSolution
		Debug|Any CPU = Debug|Any CPU
		Release|Any CPU = Release|Any CPU
	EndGlobalSection
	GlobalSection(ProjectConfigurationPlatforms) = postSolution
		{838216F0-18D6-4057-BF9A-D12CF8CAAEFF}.Debug|Any CPU.ActiveCfg = Debug|Any CPU
		{838216F0-18D6-4057-BF9A-D12CF8CAAEFF}.Debug|Any CPU.Build.0 = Debug|Any CPU
		{838216F0-18D6-4057-BF9A-D12CF8CAAEFF}.Release|Any CPU.ActiveCfg = Release|Any CPU
		{838216F0-18D6-4057-BF9A-D12CF8CAAEFF}.Release|Any CPU.Build.0 = Release|Any CPU
	EndGlobalSection
	GlobalSection(SolutionProperties) = preSolution
		HideSolutionNode = FALSE
	EndGlobalSection
	GlobalSection(ExtensibilityGlobals) = postSolution
		SolutionGuid = {C50D5D4D-BE95-49E7-B2F3-756A2BD3E11F}
	EndGlobalSection
EndGlobal
